#MicroXplorer Configuration settings - do not modify
FREERTOS.IPParameters=Tasks01
FREERTOS.Tasks01=defaultTask,0,128,StartDefaultTask,Default,NULL
File.Version=6
KeepUserPlacement=true
Mcu.Family=STM32F4
Mcu.IP0=FREERTOS
Mcu.IP1=I2C1
Mcu.IP2=NVIC
Mcu.IP3=RCC
Mcu.IP4=SYS
Mcu.IP5=USART1
Mcu.IP6=USART6
Mcu.IPNb=7
Mcu.Name=STM32F411R(C-E)Tx
Mcu.Package=LQFP64
Mcu.Pin0=PH0 - OSC_IN
Mcu.Pin1=PH1 - OSC_OUT
Mcu.Pin10=PA10
Mcu.Pin11=PA13
Mcu.Pin12=PA14
Mcu.Pin13=PA15
Mcu.Pin14=PB6
Mcu.Pin15=PB7
Mcu.Pin16=VP_FREERTOS_VS_CMSIS_V1
Mcu.Pin17=VP_SYS_VS_tim1
Mcu.Pin2=PC4
Mcu.Pin3=PC5
Mcu.Pin4=PB0
Mcu.Pin5=PB1
Mcu.Pin6=PB2
Mcu.Pin7=PC6
Mcu.Pin8=PC7
Mcu.Pin9=PA9
Mcu.PinsNb=18
Mcu.ThirdPartyNb=0
Mcu.UserConstants=
Mcu.UserName=STM32F411RETx
MxCube.Version=5.1.0
MxDb.Version=DB.5.0.10
NVIC.BusFault_IRQn=true\:0\:0\:false\:false\:true\:false\:true\:false
NVIC.DebugMonitor_IRQn=true\:0\:0\:false\:false\:true\:false\:true\:false
NVIC.HardFault_IRQn=true\:0\:0\:false\:false\:true\:false\:true\:false
NVIC.MemoryManagement_IRQn=true\:0\:0\:false\:false\:true\:false\:true\:false
NVIC.NonMaskableInt_IRQn=true\:0\:0\:false\:false\:true\:false\:true\:false
NVIC.PendSV_IRQn=true\:15\:0\:false\:false\:false\:true\:true\:false
NVIC.PriorityGroup=NVIC_PRIORITYGROUP_4
NVIC.SVCall_IRQn=true\:0\:0\:false\:false\:false\:false\:true\:false
NVIC.SysTick_IRQn=true\:15\:0\:false\:false\:false\:true\:true\:true
NVIC.TIM1_UP_TIM10_IRQn=true\:0\:0\:false\:false\:true\:false\:false\:true
NVIC.TimeBase=TIM1_UP_TIM10_IRQn
NVIC.TimeBaseIP=TIM1
NVIC.USART1_IRQn=true\:5\:0\:false\:false\:true\:true\:true\:true
NVIC.USART6_IRQn=true\:5\:0\:false\:false\:true\:true\:true\:true
NVIC.UsageFault_IRQn=true\:0\:0\:false\:false\:true\:false\:true\:false
PA10.GPIOParameters=GPIO_Speed,GPIO_PuPd,GPIO_Mode
PA10.GPIO_Mode=GPIO_MODE_AF_PP
PA10.GPIO_PuPd=GPIO_PULLUP
PA10.GPIO_Speed=GPIO_SPEED_FREQ_VERY_HIGH
PA10.Locked=true
PA10.Mode=Asynchronous
PA10.Signal=USART1_RX
PA13.Locked=true
PA13.Mode=Serial_Wire
PA13.Signal=SYS_JTMS-SWDIO
PA14.Locked=true
PA14.Mode=Serial_Wire
PA14.Signal=SYS_JTCK-SWCLK
PA15.Locked=true
PA15.Signal=GPIO_Analog
PA9.GPIOParameters=GPIO_Speed,GPIO_PuPd,GPIO_Mode
PA9.GPIO_Mode=GPIO_MODE_AF_PP
PA9.GPIO_PuPd=GPIO_PULLUP
PA9.GPIO_Speed=GPIO_SPEED_FREQ_VERY_HIGH
PA9.Locked=true
PA9.Mode=Asynchronous
PA9.Signal=USART1_TX
PB0.GPIOParameters=GPIO_Label,GPIO_ModeDefaultEXTI
PB0.GPIO_Label=K_ABJ_PB0
PB0.GPIO_ModeDefaultEXTI=GPIO_MODE_IT_FALLING
PB0.Locked=true
PB0.Signal=GPXTI0
PB1.GPIOParameters=GPIO_Label,GPIO_ModeDefaultEXTI
PB1.GPIO_Label=K_DER_PB1
PB1.GPIO_ModeDefaultEXTI=GPIO_MODE_IT_FALLING
PB1.Locked=true
PB1.Signal=GPXTI1
PB2.GPIOParameters=GPIO_Speed,PinState,GPIO_PuPd,GPIO_Label,GPIO_ModeDefaultOutputPP
PB2.GPIO_Label=OLED
PB2.GPIO_ModeDefaultOutputPP=GPIO_MODE_OUTPUT_PP
PB2.GPIO_PuPd=GPIO_NOPULL
PB2.GPIO_Speed=GPIO_SPEED_FREQ_LOW
PB2.Locked=true
PB2.PinState=GPIO_PIN_RESET
PB2.Signal=GPIO_Output
PB6.Locked=true
PB6.Mode=I2C
PB6.Signal=I2C1_SCL
PB7.Locked=true
PB7.Mode=I2C
PB7.Signal=I2C1_SDA
PC4.GPIOParameters=GPIO_Label,GPIO_ModeDefaultEXTI
PC4.GPIO_Label=K_IZQ_PC4
PC4.GPIO_ModeDefaultEXTI=GPIO_MODE_IT_FALLING
PC4.Locked=true
PC4.Signal=GPXTI4
PC5.GPIOParameters=GPIO_Label,GPIO_ModeDefaultEXTI
PC5.GPIO_Label=K_ARR_PC5
PC5.GPIO_ModeDefaultEXTI=GPIO_MODE_IT_FALLING
PC5.Locked=true
PC5.Signal=GPXTI5
PC6.Locked=true
PC6.Mode=Asynchronous
PC6.Signal=USART6_TX
PC7.Locked=true
PC7.Mode=Asynchronous
PC7.Signal=USART6_RX
PCC.Checker=false
PCC.Line=STM32F411
PCC.MCU=STM32F411R(C-E)Tx
PCC.PartNumber=STM32F411RETx
PCC.Seq0=0
PCC.Series=STM32F4
PCC.Temperature=25
PCC.Vdd=null
PH0\ -\ OSC_IN.Locked=true
PH0\ -\ OSC_IN.Mode=HSE-External-Oscillator
PH0\ -\ OSC_IN.Signal=RCC_OSC_IN
PH1\ -\ OSC_OUT.Locked=true
PH1\ -\ OSC_OUT.Mode=HSE-External-Oscillator
PH1\ -\ OSC_OUT.Signal=RCC_OSC_OUT
PinOutPanel.RotationAngle=0
ProjectManager.AskForMigrate=true
ProjectManager.BackupPrevious=false
ProjectManager.CompilerOptimize=3
ProjectManager.ComputerToolchain=false
ProjectManager.CoupleFile=true
ProjectManager.CustomerFirmwarePackage=
ProjectManager.DefaultFWLocation=true
ProjectManager.DeletePrevious=true
ProjectManager.DeviceId=STM32F411RETx
ProjectManager.FirmwarePackage=STM32Cube FW_F4 V1.24.0
ProjectManager.FreePins=false
ProjectManager.HalAssertFull=false
ProjectManager.HeapSize=0x200
ProjectManager.KeepUserCode=true
ProjectManager.LastFirmware=false
ProjectManager.LibraryCopy=1
ProjectManager.MainLocation=Src
ProjectManager.NoMain=false
ProjectManager.PreviousToolchain=SW4STM32
ProjectManager.ProjectBuild=false
ProjectManager.ProjectFileName=sAPI3C_FR_ej4.ioc
ProjectManager.ProjectName=sAPI3C_FR_ej4
ProjectManager.StackSize=0x400
ProjectManager.TargetToolchain=SW4STM32
ProjectManager.TemplateDestinationPath=C\:\\Work_EmbdSTM32\\2018\\CL3\\WSAC6\\RTOS1_2019_UART1_3
ProjectManager.TemplateSourcePath=C\:\\Program Files\\STMicroelectronics\\STM32Cube\\STM32CubeMX\\db\\extra_templates
ProjectManager.ToolChainLocation=
ProjectManager.UnderRoot=true
ProjectManager.UseDefaultDestinationPath=true
ProjectManager.UseDefaultSourcePath=true
ProjectManager.functionlistsort=1-MX_GPIO_Init-GPIO-false-LL-true,2-SystemClock_Config-RCC-false-HAL-true,3-MX_I2C1_Init-I2C1-false-HAL-true,4-MX_USART6_UART_Init-USART6-false-LL-true,5-MX_USART1_UART_Init-USART1-false-LL-true
RCC.48MHZClocksFreq_Value=42000000
RCC.AHBFreq_Value=84000000
RCC.APB1CLKDivider=RCC_HCLK_DIV2
RCC.APB1Freq_Value=42000000
RCC.APB1TimFreq_Value=84000000
RCC.APB2Freq_Value=84000000
RCC.APB2TimFreq_Value=84000000
RCC.CortexFreq_Value=84000000
RCC.EthernetFreq_Value=84000000
RCC.FCLKCortexFreq_Value=84000000
RCC.FamilyName=M
RCC.HCLKFreq_Value=84000000
RCC.HSE_VALUE=8000000
RCC.HSI_VALUE=16000000
RCC.I2SClocksFreq_Value=48000000
RCC.IPParameters=48MHZClocksFreq_Value,AHBFreq_Value,APB1CLKDivider,APB1Freq_Value,APB1TimFreq_Value,APB2Freq_Value,APB2TimFreq_Value,CortexFreq_Value,EthernetFreq_Value,FCLKCortexFreq_Value,FamilyName,HCLKFreq_Value,HSE_VALUE,HSI_VALUE,I2SClocksFreq_Value,LSE_VALUE,LSI_VALUE,MCO2PinFreq_Value,PLLCLKFreq_Value,PLLM,PLLN,PLLQCLKFreq_Value,PLLSourceVirtual,RTCFreq_Value,RTCHSEDivFreq_Value,SYSCLKFreq_VALUE,SYSCLKSource,VCOI2SOutputFreq_Value,VCOInputFreq_Value,VCOInputMFreq_Value,VCOOutputFreq_Value,VcooutputI2S
RCC.LSE_VALUE=32768
RCC.LSI_VALUE=32000
RCC.MCO2PinFreq_Value=84000000
RCC.PLLCLKFreq_Value=84000000
RCC.PLLM=4
RCC.PLLN=84
RCC.PLLQCLKFreq_Value=42000000
RCC.PLLSourceVirtual=RCC_PLLSOURCE_HSE
RCC.RTCFreq_Value=32000
RCC.RTCHSEDivFreq_Value=4000000
RCC.SYSCLKFreq_VALUE=84000000
RCC.SYSCLKSource=RCC_SYSCLKSOURCE_PLLCLK
RCC.VCOI2SOutputFreq_Value=96000000
RCC.VCOInputFreq_Value=2000000
RCC.VCOInputMFreq_Value=500000
RCC.VCOOutputFreq_Value=168000000
RCC.VcooutputI2S=48000000
SH.GPXTI0.0=GPIO_EXTI0
SH.GPXTI0.ConfNb=1
SH.GPXTI1.0=GPIO_EXTI1
SH.GPXTI1.ConfNb=1
SH.GPXTI4.0=GPIO_EXTI4
SH.GPXTI4.ConfNb=1
SH.GPXTI5.0=GPIO_EXTI5
SH.GPXTI5.ConfNb=1
USART1.BaudRate=38400
USART1.IPParameters=VirtualMode,BaudRate,WordLength
USART1.VirtualMode=VM_ASYNC
USART1.WordLength=WORDLENGTH_8B
USART6.IPParameters=VirtualMode,WordLength
USART6.VirtualMode=VM_ASYNC
USART6.WordLength=WORDLENGTH_8B
VP_FREERTOS_VS_CMSIS_V1.Mode=CMSIS_V1
VP_FREERTOS_VS_CMSIS_V1.Signal=FREERTOS_VS_CMSIS_V1
VP_SYS_VS_tim1.Mode=TIM1
VP_SYS_VS_tim1.Signal=SYS_VS_tim1
board=test_01_LED
